// !$*UTF8*$!
{
	archiveVersion = 1;
	classes = {
	};
	objectVersion = 50;
	objects = {

/* Begin PBXBuildFile section */
		E2420D0F2356BEC900870C49 /* AppDelegate.m in Sources */ = {isa = PBXBuildFile; fileRef = E2420D0E2356BEC900870C49 /* AppDelegate.m */; };
		E2420D122356BEC900870C49 /* ViewController.m in Sources */ = {isa = PBXBuildFile; fileRef = E2420D112356BEC900870C49 /* ViewController.m */; };
		E2420D152356BEC900870C49 /* Main.storyboard in Resources */ = {isa = PBXBuildFile; fileRef = E2420D132356BEC900870C49 /* Main.storyboard */; };
		E2420D172356BECB00870C49 /* Assets.xcassets in Resources */ = {isa = PBXBuildFile; fileRef = E2420D162356BECB00870C49 /* Assets.xcassets */; };
		E2420D1A2356BECB00870C49 /* LaunchScreen.storyboard in Resources */ = {isa = PBXBuildFile; fileRef = E2420D182356BECB00870C49 /* LaunchScreen.storyboard */; };
		E2420D1D2356BECB00870C49 /* main.m in Sources */ = {isa = PBXBuildFile; fileRef = E2420D1C2356BECB00870C49 /* main.m */; };
/* End PBXBuildFile section */

/* Begin PBXFileReference section */
		E2420D0A2356BEC900870C49 /* BandsinTownDemo.app */ = {isa = PBXFileReference; explicitFileType = wrapper.application; includeInIndex = 0; path = BandsinTownDemo.app; sourceTree = BUILT_PRODUCTS_DIR; };
		E2420D0D2356BEC900870C49 /* AppDelegate.h */ = {isa = PBXFileReference; lastKnownFileType = sourcecode.c.h; path = AppDelegate.h; sourceTree = "<group>"; };
		E2420D0E2356BEC900870C49 /* AppDelegate.m */ = {isa = PBXFileReference; lastKnownFileType = sourcecode.c.objc; path = AppDelegate.m; sourceTree = "<group>"; };
		E2420D102356BEC900870C49 /* ViewController.h */ = {isa = PBXFileReference; lastKnownFileType = sourcecode.c.h; path = ViewController.h; sourceTree = "<group>"; };
		E2420D112356BEC900870C49 /* ViewController.m */ = {isa = PBXFileReference; lastKnownFileType = sourcecode.c.objc; path = ViewController.m; sourceTree = "<group>"; };
		E2420D142356BEC900870C49 /* Base */ = {isa = PBXFileReference; lastKnownFileType = file.storyboard; name = Base; path = Base.lproj/Main.storyboard; sourceTree = "<group>"; };
		E2420D162356BECB00870C49 /* Assets.xcassets */ = {isa = PBXFileReference; lastKnownFileType = folder.assetcatalog; path = Assets.xcassets; sourceTree = "<group>"; };
		E2420D192356BECB00870C49 /* Base */ = {isa = PBXFileReference; lastKnownFileType = file.storyboard; name = Base; path = Base.lproj/LaunchScreen.storyboard; sourceTree = "<group>"; };
		E2420D1B2356BECB00870C49 /* Info.plist */ = {isa = PBXFileReference; lastKnownFileType = text.plist.xml; path = Info.plist; sourceTree = "<group>"; };
		E2420D1C2356BECB00870C49 /* main.m */ = {isa = PBXFileReference; lastKnownFileType = sourcecode.c.objc; path = main.m; sourceTree = "<group>"; };
/* End PBXFileReference section */

/* Begin PBXFrameworksBuildPhase section */
		E2420D072356BEC900870C49 /* Frameworks */ = {
			isa = PBXFrameworksBuildPhase;
			buildActionMask = 2147483647;
			files = (
			);
			runOnlyForDeploymentPostprocessing = 0;
		};
/* End PBXFrameworksBuildPhase section */

/* Begin PBXGroup section */
		E2420D012356BEC900870C49 = {
			isa = PBXGroup;
			children = (
				E2420D0C2356BEC900870C49 /* BandsinTownDemo */,
				E2420D0B2356BEC900870C49 /* Products */,
			);
			sourceTree = "<group>";
		};
		E2420D0B2356BEC900870C49 /* Products */ = {
			isa = PBXGroup;
			children = (
				E2420D0A2356BEC900870C49 /* BandsinTownDemo.app */,
			);
			name = Products;
			sourceTree = "<group>";
		};
		E2420D0C2356BEC900870C49 /* BandsinTownDemo */ = {
			isa = PBXGroup;
			children = (
				E2420D0D2356BEC900870C49 /* AppDelegate.h */,
				E2420D0E2356BEC900870C49 /* AppDelegate.m */,
				E2420D102356BEC900870C49 /* ViewController.h */,
				E2420D112356BEC900870C49 /* ViewController.m */,
				E2420D132356BEC900870C49 /* Main.storyboard */,
				E2420D162356BECB00870C49 /* Assets.xcassets */,
				E2420D182356BECB00870C49 /* LaunchScreen.storyboard */,
				E2420D1B2356BECB00870C49 /* Info.plist */,
				E2420D1C2356BECB00870C49 /* main.m */,
			);
			path = BandsinTownDemo;
			sourceTree = "<group>";
		};
/* End PBXGroup section */

/* Begin PBXNativeTarget section */
		E2420D092356BEC900870C49 /* BandsinTownDemo */ = {
			isa = PBXNativeTarget;
			buildConfigurationList = E2420D202356BECB00870C49 /* Build configuration list for PBXNativeTarget "BandsinTownDemo" */;
			buildPhases = (
				E2420D062356BEC900870C49 /* Sources */,
				E2420D072356BEC900870C49 /* Frameworks */,
				E2420D082356BEC900870C49 /* Resources */,
			);
			buildRules = (
			);
			dependencies = (
			);
			name = BandsinTownDemo;
			productName = BandsinTownDemo;
			productReference = E2420D0A2356BEC900870C49 /* BandsinTownDemo.app */;
			productType = "com.apple.product-type.application";
		};
/* End PBXNativeTarget section */

/* Begin PBXProject section */
		E2420D022356BEC900870C49 /* Project object */ = {
			isa = PBXProject;
			attributes = {
				LastUpgradeCheck = 1030;
				ORGANIZATIONNAME = OmniStack;
				TargetAttributes = {
					E2420D092356BEC900870C49 = {
						CreatedOnToolsVersion = 10.3;
					};
				};
			};
			buildConfigurationList = E2420D052356BEC900870C49 /* Build configuration list for PBXProject "BandsinTownDemo" */;
			compatibilityVersion = "Xcode 9.3";
			developmentRegion = en;
			hasScannedForEncodings = 0;
			knownRegions = (
				en,
				Base,
			);
			mainGroup = E2420D012356BEC900870C49;
			productRefGroup = E2420D0B2356BEC900870C49 /* Products */;
			projectDirPath = "";
			projectRoot = "";
			targets = (
				E2420D092356BEC900870C49 /* BandsinTownDemo */,
			);
		};
/* End PBXProject section */

/* Begin PBXResourcesBuildPhase section */
		E2420D082356BEC900870C49 /* Resources */ = {
			isa = PBXResourcesBuildPhase;
			buildActionMask = 2147483647;
			files = (
				E2420D1A2356BECB00870C49 /* LaunchScreen.storyboard in Resources */,
				E2420D172356BECB00870C49 /* Assets.xcassets in Resources */,
				E2420D152356BEC900870C49 /* Main.storyboard in Resources */,
			);
			runOnlyForDeploymentPostprocessing = 0;
		};
/* End PBXResourcesBuildPhase section */

/* Begin PBXSourcesBuildPhase section */
		E2420D062356BEC900870C49 /* Sources */ = {
			isa = PBXSourcesBuildPhase;
			buildActionMask = 2147483647;
			files = (
				E2420D122356BEC900870C49 /* ViewController.m in Sources */,
				E2420D1D2356BECB00870C49 /* main.m in Sources */,
				E2420D0F2356BEC900870C49 /* AppDelegate.m in Sources */,
			);
			runOnlyForDeploymentPostprocessing = 0;
		};
/* End PBXSourcesBuildPhase section */

/* Begin PBXVariantGroup section */
		E2420D132356BEC900870C49 /* Main.storyboard */ = {
			isa = PBXVariantGroup;
			children = (
				E2420D142356BEC900870C49 /* Base */,
			);
			name = Main.storyboard;
			sourceTree = "<group>";
		};
		E2420D182356BECB00870C49 /* LaunchScreen.storyboard */ = {
			isa = PBXVariantGroup;
			children = (
				E2420D192356BECB00870C49 /* Base */,
			);
			name = LaunchScreen.storyboard;
			sourceTree = "<group>";
		};
/* End PBXVariantGroup section */

/* Begin XCBuildConfiguration section */
		E2420D1E2356BECB00870C49 /* Debug */ = {
			isa = XCBuildConfiguration;
			buildSettings = {
				ALWAYS_SEARCH_USER_PATHS = NO;
				CLANG_ANALYZER_NONNULL = YES;
				CLANG_ANALYZER_NUMBER_OBJECT_CONVERSION = YES_AGGRESSIVE;
				CLANG_CXX_LANGUAGE_STANDARD = "gnu++14";
				CLANG_CXX_LIBRARY = "libc++";
				CLANG_ENABLE_MODULES = YES;
				CLANG_ENABLE_OBJC_ARC = YES;
				CLANG_ENABLE_OBJC_WEAK = YES;
				CLANG_WARN_BLOCK_CAPTURE_AUTORELEASING = YES;
				CLANG_WARN_BOOL_CONVERSION = YES;
				CLANG_WARN_COMMA = YES;
				CLANG_WARN_CONSTANT_CONVERSION = YES;
				CLANG_WARN_DEPRECATED_OBJC_IMPLEMENTATIONS = YES;
				CLANG_WARN_DIRECT_OBJC_ISA_USAGE = YES_ERROR;
				CLANG_WARN_DOCUMENTATION_COMMENTS = YES;
				CLANG_WARN_EMPTY_BODY = YES;
				CLANG_WARN_ENUM_CONVERSION = YES;
				CLANG_WARN_INFINITE_RECURSION = YES;
				CLANG_WARN_INT_CONVERSION = YES;
				CLANG_WARN_NON_LITERAL_NULL_CONVERSION = YES;
				CLANG_WARN_OBJC_IMPLICIT_RETAIN_SELF = YES;
				CLANG_WARN_OBJC_LITERAL_CONVERSION = YES;
				CLANG_WARN_OBJC_ROOT_CLASS = YES_ERROR;
				CLANG_WARN_RANGE_LOOP_ANALYSIS = YES;
				CLANG_WARN_STRICT_PROTOTYPES = YES;
				CLANG_WARN_SUSPICIOUS_MOVE = YES;
				CLANG_WARN_UNGUARDED_AVAILABILITY = YES_AGGRESSIVE;
				CLANG_WARN_UNREACHABLE_CODE = YES;
				CLANG_WARN__DUPLICATE_METHOD_MATCH = YES;
				CODE_SIGN_IDENTITY = "iPhone Developer";
				COPY_PHASE_STRIP = NO;
				DEBUG_INFORMATION_FORMAT = dwarf;
				ENABLE_STRICT_OBJC_MSGSEND = YES;
				ENABLE_TESTABILITY = YES;
				GCC_C_LANGUAGE_STANDARD = gnu11;
				GCC_DYNAMIC_NO_PIC = NO;
				GCC_NO_COMMON_BLOCKS = YES;
				GCC_OPTIMIZATION_LEVEL = 0;
				GCC_PREPROCESSOR_DEFINITIONS = (
					"DEBUG=1",
					"$(inherited)",
				);
				GCC_WARN_64_TO_32_BIT_CONVERSION = YES;
				GCC_WARN_ABOUT_RETURN_TYPE = YES_ERROR;
				GCC_WARN_UNDECLARED_SELECTOR = YES;
				GCC_WARN_UNINITIALIZED_AUTOS = YES_AGGRESSIVE;
				GCC_WARN_UNUSED_FUNCTION = YES;
				GCC_WARN_UNUSED_VARIABLE = YES;
				IPHONEOS_DEPLOYMENT_TARGET = 12.4;
				MTL_ENABLE_DEBUG_INFO = INCLUDE_SOURCE;
				MTL_FAST_MATH = YES;
				ONLY_ACTIVE_ARCH = YES;
				SDKROOT = iphoneos;
			};
			name = Debug;
		};
		E2420D1F2356BECB00870C49 /* Release */ = {
			isa = XCBuildConfiguration;
			buildSettings = {
				ALWAYS_SEARCH_USER_PATHS = NO;
				CLANG_ANALYZER_NONNULL = YES;
				CLANG_ANALYZER_NUMBER_OBJECT_CONVERSION = YES_AGGRESSIVE;
				CLANG_CXX_LANGUAGE_STANDARD = "gnu++14";
				CLANG_CXX_LIBRARY = "libc++";
				CLANG_ENABLE_MODULES = YES;
				CLANG_ENABLE_OBJC_ARC = YES;
				CLANG_ENABLE_OBJC_WEAK = YES;
				CLANG_WARN_BLOCK_CAPTURE_AUTORELEASING = YES;
				CLANG_WARN_BOOL_CONVERSION = YES;
				CLANG_WARN_COMMA = YES;
				CLANG_WARN_CONSTANT_CONVERSION = YES;
				CLANG_WARN_DEPRECATED_OBJC_IMPLEMENTATIONS = YES;
				CLANG_WARN_DIRECT_OBJC_ISA_USAGE = YES_ERROR;
				CLANG_WARN_DOCUMENTATION_COMMENTS = YES;
				CLANG_WARN_EMPTY_BODY = YES;
				CLANG_WARN_ENUM_CONVERSION = YES;
				CLANG_WARN_INFINITE_RECURSION = YES;
				CLANG_WARN_INT_CONVERSION = YES;
				CLANG_WARN_NON_LITERAL_NULL_CONVERSION = YES;
				CLANG_WARN_OBJC_IMPLICIT_RETAIN_SELF = YES;
				CLANG_WARN_OBJC_LITERAL_CONVERSION = YES;
				CLANG_WARN_OBJC_ROOT_CLASS = YES_ERROR;
				CLANG_WARN_RANGE_LOOP_ANALYSIS = YES;
				CLANG_WARN_STRICT_PROTOTYPES = YES;
				CLANG_WARN_SUSPICIOUS_MOVE = YES;
				CLANG_WARN_UNGUARDED_AVAILABILITY = YES_AGGRESSIVE;
				CLANG_WARN_UNREACHABLE_CODE = YES;
				CLANG_WARN__DUPLICATE_METHOD_MATCH = YES;
				CODE_SIGN_IDENTITY = "iPhone Developer";
				COPY_PHASE_STRIP = NO;
				DEBUG_INFORMATION_FORMAT = "dwarf-with-dsym";
				ENABLE_NS_ASSERTIONS = NO;
				ENABLE_STRICT_OBJC_MSGSEND = YES;
				GCC_C_LANGUAGE_STANDARD = gnu11;
				GCC_NO_COMMON_BLOCKS = YES;
				GCC_WARN_64_TO_32_BIT_CONVERSION = YES;
				GCC_WARN_ABOUT_RETURN_TYPE = YES_ERROR;
				GCC_WARN_UNDECLARED_SELECTOR = YES;
				GCC_WARN_UNINITIALIZED_AUTOS = YES_AGGRESSIVE;
				GCC_WARN_UNUSED_FUNCTION = YES;
				GCC_WARN_UNUSED_VARIABLE = YES;
				IPHONEOS_DEPLOYMENT_TARGET = 12.4;
				MTL_ENABLE_DEBUG_INFO = NO;
				MTL_FAST_MATH = YES;
				SDKROOT = iphoneos;
				VALIDATE_PRODUCT = YES;
			};
			name = Release;
		};
		E2420D212356BECB00870C49 /* Debug */ = {
			isa = XCBuildConfiguration;
			buildSettings = {
				ASSETCATALOG_COMPILER_APPICON_NAME = AppIcon;
				CODE_SIGN_STYLE = Automatic;
				DEVELOPMENT_TEAM = KBSTWFQ9TX;
				INFOPLIST_FILE = BandsinTownDemo/Info.plist;
				LD_RUNPATH_SEARCH_PATHS = (
					"$(inherited)",
					"@executable_path/Frameworks",
				);
				PRODUCT_BUNDLE_IDENTIFIER = OmniStack.BandsinTownDemo;
				PRODUCT_NAME = "$(TARGET_NAME)";
				TARGETED_DEVICE_FAMILY = "1,2";
			};
			name = Debug;
		};
		E2420D222356BECB00870C49 /* Release */ = {
			isa = XCBuildConfiguration;
			buildSettings = {
				ASSETCATALOG_COMPILER_APPICON_NAME = AppIcon;
				CODE_SIGN_STYLE = Automatic;
				DEVELOPMENT_TEAM = KBSTWFQ9TX;
				INFOPLIST_FILE = BandsinTownDemo/Info.plist;
				LD_RUNPATH_SEARCH_PATHS = (
					"$(inherited)",
					"@executable_path/Frameworks",
				);
				PRODUCT_BUNDLE_IDENTIFIER = OmniStack.BandsinTownDemo;
				PRODUCT_NAME = "$(TARGET_NAME)";
				TARGETED_DEVICE_FAMILY = "1,2";
			};
			name = Release;
		};
/* End XCBuildConfiguration section */

/* Begin XCConfigurationList section */
		E2420D052356BEC900870C49 /* Build configuration list for PBXProject "BandsinTownDemo" */ = {
			isa = XCConfigurationList;
			buildConfigurations = (
				E2420D1E2356BECB00870C49 /* Debug */,
				E2420D1F2356BECB00870C49 /* Release */,
			);
			defaultConfigurationIsVisible = 0;
			defaultConfigurationName = Release;
		};
		E2420D202356BECB00870C49 /* Build configuration list for PBXNativeTarget "BandsinTownDemo" */ = {
			isa = XCConfigurationList;
			buildConfigurations = (
				E2420D212356BECB00870C49 /* Debug */,
				E2420D222356BECB00870C49 /* Release */,
			);
			defaultConfigurationIsVisible = 0;
			defaultConfigurationName = Release;
		};
/* End XCConfigurationList section */
	};
	rootObject = E2420D022356BEC900870C49 /* Project object */;
}
